
Microsoft Visual Studio Solution File, Format Version 12.00
# Visual Studio Version 17
VisualStudioVersion = 17.7.34024.191
MinimumVisualStudioVersion = 10.0.40219.1
Project("{FAE04EC0-301F-11D3-BF4B-00C04F79EFBC}") = "CarManufacturer", "CarManufacturer\CarManufacturer.csproj", "{DEBBD04C-1BAB-47A3-8F59-EBB49253520F}"
EndProject
Global
	GlobalSection(SolutionConfigurationPlatforms) = preSolution
		Debug|Any CPU = Debug|Any CPU
		Release|Any CPU = Release|Any CPU
	EndGlobalSection
	GlobalSection(ProjectConfigurationPlatforms) = postSolution
		{DEBBD04C-1BAB-47A3-8F59-EBB49253520F}.Debug|Any CPU.ActiveCfg = Debug|Any CPU
		{DEBBD04C-1BAB-47A3-8F59-EBB49253520F}.Debug|Any CPU.Build.0 = Debug|Any CPU
		{DEBBD04C-1BAB-47A3-8F59-EBB49253520F}.Release|Any CPU.ActiveCfg = Release|Any CPU
		{DEBBD04C-1BAB-47A3-8F59-EBB49253520F}.Release|Any CPU.Build.0 = Release|Any CPU
	EndGlobalSection
	GlobalSection(SolutionProperties) = preSolution
		HideSolutionNode = FALSE
	EndGlobalSection
	GlobalSection(ExtensibilityGlobals) = postSolution
		SolutionGuid = {85DF47FC-4C87-4BB6-A43C-262C0972A85B}
	EndGlobalSection
EndGlobal
